
Microsoft Visual Studio Solution File, Format Version 12.00
# Visual Studio Version 16
VisualStudioVersion = 16.0.29102.190
MinimumVisualStudioVersion = 10.0.40219.1
Project("{9A19103F-16F7-4668-BE54-9A1E7A4F7556}") = "HotelManagementSystem", "HotelManagementSystem.csproj", "{5405E428-540A-47F3-9946-F70BD1AA042A}"
EndProject
Global
	GlobalSection(SolutionConfigurationPlatforms) = preSolution
		Debug|Any CPU = Debug|Any CPU
		Release|Any CPU = Release|Any CPU
	EndGlobalSection
	GlobalSection(ProjectConfigurationPlatforms) = postSolution
		{5405E428-540A-47F3-9946-F70BD1AA042A}.Debug|Any CPU.ActiveCfg = Debug|Any CPU
		{5405E428-540A-47F3-9946-F70BD1AA042A}.Debug|Any CPU.Build.0 = Debug|Any CPU
		{5405E428-540A-47F3-9946-F70BD1AA042A}.Release|Any CPU.ActiveCfg = Release|Any CPU
		{5405E428-540A-47F3-9946-F70BD1AA042A}.Release|Any CPU.Build.0 = Release|Any CPU
	EndGlobalSection
	GlobalSection(SolutionProperties) = preSolution
		HideSolutionNode = FALSE
	EndGlobalSection
	GlobalSection(ExtensibilityGlobals) = postSolution
		SolutionGuid = {CE87ABFC-2FF8-441D-807D-3C0EEAA44EDD}
	EndGlobalSection
EndGlobal
